
Microsoft Visual Studio Solution File, Format Version 12.00
# Visual Studio Version 17
VisualStudioVersion = 17.0.31903.59
MinimumVisualStudioVersion = 10.0.40219.1
Project("{FAE04EC0-301F-11D3-BF4B-00C04F79EFBC}") = "BuberDinner.Infrastructure", "BuberDinner.Infrastructure\BuberDinner.Infrastructure.csproj", "{B89F0ECF-5B14-4F3F-804D-544294B9F4C6}"
EndProject
Project("{FAE04EC0-301F-11D3-BF4B-00C04F79EFBC}") = "BuberDinner.Domain", "BuberDinner.Domain\BuberDinner.Domain.csproj", "{C8EEE642-0F9E-40C4-B38C-92C5EB10669F}"
EndProject
Project("{FAE04EC0-301F-11D3-BF4B-00C04F79EFBC}") = "BuberDinner.Contracts", "BuberDinner.Contracts\BuberDinner.Contracts.csproj", "{CE9393EC-6974-4414-8DBC-7634594871F9}"
EndProject
Project("{FAE04EC0-301F-11D3-BF4B-00C04F79EFBC}") = "BuberDinner.Application", "BuberDinner.Application\BuberDinner.Application.csproj", "{29B267CE-B3E6-4EFB-9E67-99DFCD113FCC}"
EndProject
Project("{FAE04EC0-301F-11D3-BF4B-00C04F79EFBC}") = "BuberDinner.Api", "BuberDinner.Api\BuberDinner.Api.csproj", "{356C4DBE-1553-4E41-8DBA-BE25126D7F12}"
EndProject
Global
	GlobalSection(SolutionConfigurationPlatforms) = preSolution
		Debug|Any CPU = Debug|Any CPU
		Release|Any CPU = Release|Any CPU
	EndGlobalSection
	GlobalSection(SolutionProperties) = preSolution
		HideSolutionNode = FALSE
	EndGlobalSection
	GlobalSection(ProjectConfigurationPlatforms) = postSolution
		{B89F0ECF-5B14-4F3F-804D-544294B9F4C6}.Debug|Any CPU.ActiveCfg = Debug|Any CPU
		{B89F0ECF-5B14-4F3F-804D-544294B9F4C6}.Debug|Any CPU.Build.0 = Debug|Any CPU
		{B89F0ECF-5B14-4F3F-804D-544294B9F4C6}.Release|Any CPU.ActiveCfg = Release|Any CPU
		{B89F0ECF-5B14-4F3F-804D-544294B9F4C6}.Release|Any CPU.Build.0 = Release|Any CPU
		{C8EEE642-0F9E-40C4-B38C-92C5EB10669F}.Debug|Any CPU.ActiveCfg = Debug|Any CPU
		{C8EEE642-0F9E-40C4-B38C-92C5EB10669F}.Debug|Any CPU.Build.0 = Debug|Any CPU
		{C8EEE642-0F9E-40C4-B38C-92C5EB10669F}.Release|Any CPU.ActiveCfg = Release|Any CPU
		{C8EEE642-0F9E-40C4-B38C-92C5EB10669F}.Release|Any CPU.Build.0 = Release|Any CPU
		{CE9393EC-6974-4414-8DBC-7634594871F9}.Debug|Any CPU.ActiveCfg = Debug|Any CPU
		{CE9393EC-6974-4414-8DBC-7634594871F9}.Debug|Any CPU.Build.0 = Debug|Any CPU
		{CE9393EC-6974-4414-8DBC-7634594871F9}.Release|Any CPU.ActiveCfg = Release|Any CPU
		{CE9393EC-6974-4414-8DBC-7634594871F9}.Release|Any CPU.Build.0 = Release|Any CPU
		{29B267CE-B3E6-4EFB-9E67-99DFCD113FCC}.Debug|Any CPU.ActiveCfg = Debug|Any CPU
		{29B267CE-B3E6-4EFB-9E67-99DFCD113FCC}.Debug|Any CPU.Build.0 = Debug|Any CPU
		{29B267CE-B3E6-4EFB-9E67-99DFCD113FCC}.Release|Any CPU.ActiveCfg = Release|Any CPU
		{29B267CE-B3E6-4EFB-9E67-99DFCD113FCC}.Release|Any CPU.Build.0 = Release|Any CPU
		{356C4DBE-1553-4E41-8DBA-BE25126D7F12}.Debug|Any CPU.ActiveCfg = Debug|Any CPU
		{356C4DBE-1553-4E41-8DBA-BE25126D7F12}.Debug|Any CPU.Build.0 = Debug|Any CPU
		{356C4DBE-1553-4E41-8DBA-BE25126D7F12}.Release|Any CPU.ActiveCfg = Release|Any CPU
		{356C4DBE-1553-4E41-8DBA-BE25126D7F12}.Release|Any CPU.Build.0 = Release|Any CPU
	EndGlobalSection
EndGlobal
